
Microsoft Visual Studio Solution File, Format Version 12.00
# Visual Studio Version 16
VisualStudioVersion = 16.0.31911.196
MinimumVisualStudioVersion = 10.0.40219.1
Project("{FAE04EC0-301F-11D3-BF4B-00C04F79EFBC}") = "AutoTests", "AutoTests.csproj", "{DDB53540-91CF-4E4A-9162-FE588D541B3C}"
EndProject
Global
	GlobalSection(SolutionConfigurationPlatforms) = preSolution
		Debug|Any CPU = Debug|Any CPU
		Release|Any CPU = Release|Any CPU
	EndGlobalSection
	GlobalSection(ProjectConfigurationPlatforms) = postSolution
		{DDB53540-91CF-4E4A-9162-FE588D541B3C}.Debug|Any CPU.ActiveCfg = Debug|Any CPU
		{DDB53540-91CF-4E4A-9162-FE588D541B3C}.Debug|Any CPU.Build.0 = Debug|Any CPU
		{DDB53540-91CF-4E4A-9162-FE588D541B3C}.Release|Any CPU.ActiveCfg = Release|Any CPU
		{DDB53540-91CF-4E4A-9162-FE588D541B3C}.Release|Any CPU.Build.0 = Release|Any CPU
	EndGlobalSection
	GlobalSection(SolutionProperties) = preSolution
		HideSolutionNode = FALSE
	EndGlobalSection
	GlobalSection(ExtensibilityGlobals) = postSolution
		SolutionGuid = {BD97BC0B-339A-418F-957A-2F73DEA9E5C9}
	EndGlobalSection
EndGlobal
