
Microsoft Visual Studio Solution File, Format Version 12.00
# Visual Studio Version 16
VisualStudioVersion = 16.0.32002.261
MinimumVisualStudioVersion = 10.0.40219.1
Project("{FAE04EC0-301F-11D3-BF4B-00C04F79EFBC}") = "EntityFrameworkSpecflow", "EntityFrameworkSpecflow.csproj", "{926E1353-A7C4-4514-89D9-AEA45624C43E}"
EndProject
Global
	GlobalSection(SolutionConfigurationPlatforms) = preSolution
		Debug|Any CPU = Debug|Any CPU
		Release|Any CPU = Release|Any CPU
	EndGlobalSection
	GlobalSection(ProjectConfigurationPlatforms) = postSolution
		{926E1353-A7C4-4514-89D9-AEA45624C43E}.Debug|Any CPU.ActiveCfg = Debug|Any CPU
		{926E1353-A7C4-4514-89D9-AEA45624C43E}.Debug|Any CPU.Build.0 = Debug|Any CPU
		{926E1353-A7C4-4514-89D9-AEA45624C43E}.Release|Any CPU.ActiveCfg = Release|Any CPU
		{926E1353-A7C4-4514-89D9-AEA45624C43E}.Release|Any CPU.Build.0 = Release|Any CPU
	EndGlobalSection
	GlobalSection(SolutionProperties) = preSolution
		HideSolutionNode = FALSE
	EndGlobalSection
	GlobalSection(ExtensibilityGlobals) = postSolution
		SolutionGuid = {7AFD47C3-2CBC-473B-ABDA-61365568F442}
	EndGlobalSection
EndGlobal
